// !$*UTF8*$!
{
	archiveVersion = 1;
	classes = {
	};
	objectVersion = 50;
	objects = {

/* Begin PBXBuildFile section */
		CE516BB62212DE6600E73420 /* RoundedShadowView.swift in Sources */ = {isa = PBXBuildFile; fileRef = CE516BB52212DE6600E73420 /* RoundedShadowView.swift */; };
		CE516BBC2212E72300E73420 /* RoundedShadowButton.swift in Sources */ = {isa = PBXBuildFile; fileRef = CE516BBB2212E72300E73420 /* RoundedShadowButton.swift */; };
		CE516BBE2212E9A200E73420 /* RoundedShadowImage.swift in Sources */ = {isa = PBXBuildFile; fileRef = CE516BBD2212E9A200E73420 /* RoundedShadowImage.swift */; };
		CEC2A4A4221442F20037DECA /* SqueezeNet.mlmodel in Sources */ = {isa = PBXBuildFile; fileRef = CEC2A4A3221442F20037DECA /* SqueezeNet.mlmodel */; };
		CEF27E6E2212267700B724B8 /* AppDelegate.swift in Sources */ = {isa = PBXBuildFile; fileRef = CEF27E6D2212267700B724B8 /* AppDelegate.swift */; };
		CEF27E702212267700B724B8 /* CameraVC.swift in Sources */ = {isa = PBXBuildFile; fileRef = CEF27E6F2212267700B724B8 /* CameraVC.swift */; };
		CEF27E732212267700B724B8 /* Main.storyboard in Resources */ = {isa = PBXBuildFile; fileRef = CEF27E712212267700B724B8 /* Main.storyboard */; };
		CEF27E752212267800B724B8 /* Assets.xcassets in Resources */ = {isa = PBXBuildFile; fileRef = CEF27E742212267800B724B8 /* Assets.xcassets */; };
		CEF27E782212267800B724B8 /* LaunchScreen.storyboard in Resources */ = {isa = PBXBuildFile; fileRef = CEF27E762212267800B724B8 /* LaunchScreen.storyboard */; };
/* End PBXBuildFile section */

/* Begin PBXFileReference section */
		CE516BB52212DE6600E73420 /* RoundedShadowView.swift */ = {isa = PBXFileReference; lastKnownFileType = sourcecode.swift; path = RoundedShadowView.swift; sourceTree = "<group>"; };
		CE516BBB2212E72300E73420 /* RoundedShadowButton.swift */ = {isa = PBXFileReference; lastKnownFileType = sourcecode.swift; path = RoundedShadowButton.swift; sourceTree = "<group>"; };
		CE516BBD2212E9A200E73420 /* RoundedShadowImage.swift */ = {isa = PBXFileReference; lastKnownFileType = sourcecode.swift; path = RoundedShadowImage.swift; sourceTree = "<group>"; };
		CEC2A4A3221442F20037DECA /* SqueezeNet.mlmodel */ = {isa = PBXFileReference; lastKnownFileType = file.mlmodel; path = SqueezeNet.mlmodel; sourceTree = "<group>"; };
		CEF27E6A2212267700B724B8 /* VisionApp.app */ = {isa = PBXFileReference; explicitFileType = wrapper.application; includeInIndex = 0; path = VisionApp.app; sourceTree = BUILT_PRODUCTS_DIR; };
		CEF27E6D2212267700B724B8 /* AppDelegate.swift */ = {isa = PBXFileReference; lastKnownFileType = sourcecode.swift; path = AppDelegate.swift; sourceTree = "<group>"; };
		CEF27E6F2212267700B724B8 /* CameraVC.swift */ = {isa = PBXFileReference; lastKnownFileType = sourcecode.swift; path = CameraVC.swift; sourceTree = "<group>"; };
		CEF27E722212267700B724B8 /* Base */ = {isa = PBXFileReference; lastKnownFileType = file.storyboard; name = Base; path = Base.lproj/Main.storyboard; sourceTree = "<group>"; };
		CEF27E742212267800B724B8 /* Assets.xcassets */ = {isa = PBXFileReference; lastKnownFileType = folder.assetcatalog; path = Assets.xcassets; sourceTree = "<group>"; };
		CEF27E772212267800B724B8 /* Base */ = {isa = PBXFileReference; lastKnownFileType = file.storyboard; name = Base; path = Base.lproj/LaunchScreen.storyboard; sourceTree = "<group>"; };
		CEF27E792212267800B724B8 /* Info.plist */ = {isa = PBXFileReference; lastKnownFileType = text.plist.xml; path = Info.plist; sourceTree = "<group>"; };
/* End PBXFileReference section */

/* Begin PBXFrameworksBuildPhase section */
		CEF27E672212267700B724B8 /* Frameworks */ = {
			isa = PBXFrameworksBuildPhase;
			buildActionMask = 2147483647;
			files = (
			);
			runOnlyForDeploymentPostprocessing = 0;
		};
/* End PBXFrameworksBuildPhase section */

/* Begin PBXGroup section */
		CE516BB72212E62800E73420 /* Utilities */ = {
			isa = PBXGroup;
			children = (
			);
			path = Utilities;
			sourceTree = "<group>";
		};
		CE516BB82212E64300E73420 /* View */ = {
			isa = PBXGroup;
			children = (
				CE516BB52212DE6600E73420 /* RoundedShadowView.swift */,
				CE516BBB2212E72300E73420 /* RoundedShadowButton.swift */,
				CE516BBD2212E9A200E73420 /* RoundedShadowImage.swift */,
			);
			path = View;
			sourceTree = "<group>";
		};
		CE516BB92212E68F00E73420 /* Controller */ = {
			isa = PBXGroup;
			children = (
				CEF27E6F2212267700B724B8 /* CameraVC.swift */,
			);
			path = Controller;
			sourceTree = "<group>";
		};
		CE516BBA2212E69C00E73420 /* Model */ = {
			isa = PBXGroup;
			children = (
			);
			path = Model;
			sourceTree = "<group>";
		};
		CEC2A4A2221440900037DECA /* CoreML */ = {
			isa = PBXGroup;
			children = (
				CEC2A4A3221442F20037DECA /* SqueezeNet.mlmodel */,
			);
			path = CoreML;
			sourceTree = "<group>";
		};
		CEF27E612212267700B724B8 = {
			isa = PBXGroup;
			children = (
				CEF27E6C2212267700B724B8 /* VisionApp */,
				CEF27E6B2212267700B724B8 /* Products */,
			);
			sourceTree = "<group>";
		};
		CEF27E6B2212267700B724B8 /* Products */ = {
			isa = PBXGroup;
			children = (
				CEF27E6A2212267700B724B8 /* VisionApp.app */,
			);
			name = Products;
			sourceTree = "<group>";
		};
		CEF27E6C2212267700B724B8 /* VisionApp */ = {
			isa = PBXGroup;
			children = (
				CEC2A4A2221440900037DECA /* CoreML */,
				CE516BBA2212E69C00E73420 /* Model */,
				CE516BB92212E68F00E73420 /* Controller */,
				CE516BB82212E64300E73420 /* View */,
				CE516BB72212E62800E73420 /* Utilities */,
				CEF27E6D2212267700B724B8 /* AppDelegate.swift */,
				CEF27E712212267700B724B8 /* Main.storyboard */,
				CEF27E742212267800B724B8 /* Assets.xcassets */,
				CEF27E762212267800B724B8 /* LaunchScreen.storyboard */,
				CEF27E792212267800B724B8 /* Info.plist */,
			);
			path = VisionApp;
			sourceTree = "<group>";
		};
/* End PBXGroup section */

/* Begin PBXNativeTarget section */
		CEF27E692212267700B724B8 /* VisionApp */ = {
			isa = PBXNativeTarget;
			buildConfigurationList = CEF27E7C2212267800B724B8 /* Build configuration list for PBXNativeTarget "VisionApp" */;
			buildPhases = (
				CEF27E662212267700B724B8 /* Sources */,
				CEF27E672212267700B724B8 /* Frameworks */,
				CEF27E682212267700B724B8 /* Resources */,
			);
			buildRules = (
			);
			dependencies = (
			);
			name = VisionApp;
			productName = VisionApp;
			productReference = CEF27E6A2212267700B724B8 /* VisionApp.app */;
			productType = "com.apple.product-type.application";
		};
/* End PBXNativeTarget section */

/* Begin PBXProject section */
		CEF27E622212267700B724B8 /* Project object */ = {
			isa = PBXProject;
			attributes = {
				LastSwiftUpdateCheck = 1010;
				LastUpgradeCheck = 1010;
				ORGANIZATIONNAME = "it-thinkers";
				TargetAttributes = {
					CEF27E692212267700B724B8 = {
						CreatedOnToolsVersion = 10.1;
					};
				};
			};
			buildConfigurationList = CEF27E652212267700B724B8 /* Build configuration list for PBXProject "VisionApp" */;
			compatibilityVersion = "Xcode 9.3";
			developmentRegion = en;
			hasScannedForEncodings = 0;
			knownRegions = (
				en,
				Base,
			);
			mainGroup = CEF27E612212267700B724B8;
			productRefGroup = CEF27E6B2212267700B724B8 /* Products */;
			projectDirPath = "";
			projectRoot = "";
			targets = (
				CEF27E692212267700B724B8 /* VisionApp */,
			);
		};
/* End PBXProject section */

/* Begin PBXResourcesBuildPhase section */
		CEF27E682212267700B724B8 /* Resources */ = {
			isa = PBXResourcesBuildPhase;
			buildActionMask = 2147483647;
			files = (
				CEF27E782212267800B724B8 /* LaunchScreen.storyboard in Resources */,
				CEF27E752212267800B724B8 /* Assets.xcassets in Resources */,
				CEF27E732212267700B724B8 /* Main.storyboard in Resources */,
			);
			runOnlyForDeploymentPostprocessing = 0;
		};
/* End PBXResourcesBuildPhase section */

/* Begin PBXSourcesBuildPhase section */
		CEF27E662212267700B724B8 /* Sources */ = {
			isa = PBXSourcesBuildPhase;
			buildActionMask = 2147483647;
			files = (
				CEF27E702212267700B724B8 /* CameraVC.swift in Sources */,
				CEC2A4A4221442F20037DECA /* SqueezeNet.mlmodel in Sources */,
				CEF27E6E2212267700B724B8 /* AppDelegate.swift in Sources */,
				CE516BB62212DE6600E73420 /* RoundedShadowView.swift in Sources */,
				CE516BBC2212E72300E73420 /* RoundedShadowButton.swift in Sources */,
				CE516BBE2212E9A200E73420 /* RoundedShadowImage.swift in Sources */,
			);
			runOnlyForDeploymentPostprocessing = 0;
		};
/* End PBXSourcesBuildPhase section */

/* Begin PBXVariantGroup section */
		CEF27E712212267700B724B8 /* Main.storyboard */ = {
			isa = PBXVariantGroup;
			children = (
				CEF27E722212267700B724B8 /* Base */,
			);
			name = Main.storyboard;
			sourceTree = "<group>";
		};
		CEF27E762212267800B724B8 /* LaunchScreen.storyboard */ = {
			isa = PBXVariantGroup;
			children = (
				CEF27E772212267800B724B8 /* Base */,
			);
			name = LaunchScreen.storyboard;
			sourceTree = "<group>";
		};
/* End PBXVariantGroup section */

/* Begin XCBuildConfiguration section */
		CEF27E7A2212267800B724B8 /* Debug */ = {
			isa = XCBuildConfiguration;
			buildSettings = {
				ALWAYS_SEARCH_USER_PATHS = NO;
				CLANG_ANALYZER_NONNULL = YES;
				CLANG_ANALYZER_NUMBER_OBJECT_CONVERSION = YES_AGGRESSIVE;
				CLANG_CXX_LANGUAGE_STANDARD = "gnu++14";
				CLANG_CXX_LIBRARY = "libc++";
				CLANG_ENABLE_MODULES = YES;
				CLANG_ENABLE_OBJC_ARC = YES;
				CLANG_ENABLE_OBJC_WEAK = YES;
				CLANG_WARN_BLOCK_CAPTURE_AUTORELEASING = YES;
				CLANG_WARN_BOOL_CONVERSION = YES;
				CLANG_WARN_COMMA = YES;
				CLANG_WARN_CONSTANT_CONVERSION = YES;
				CLANG_WARN_DEPRECATED_OBJC_IMPLEMENTATIONS = YES;
				CLANG_WARN_DIRECT_OBJC_ISA_USAGE = YES_ERROR;
				CLANG_WARN_DOCUMENTATION_COMMENTS = YES;
				CLANG_WARN_EMPTY_BODY = YES;
				CLANG_WARN_ENUM_CONVERSION = YES;
				CLANG_WARN_INFINITE_RECURSION = YES;
				CLANG_WARN_INT_CONVERSION = YES;
				CLANG_WARN_NON_LITERAL_NULL_CONVERSION = YES;
				CLANG_WARN_OBJC_IMPLICIT_RETAIN_SELF = YES;
				CLANG_WARN_OBJC_LITERAL_CONVERSION = YES;
				CLANG_WARN_OBJC_ROOT_CLASS = YES_ERROR;
				CLANG_WARN_RANGE_LOOP_ANALYSIS = YES;
				CLANG_WARN_STRICT_PROTOTYPES = YES;
				CLANG_WARN_SUSPICIOUS_MOVE = YES;
				CLANG_WARN_UNGUARDED_AVAILABILITY = YES_AGGRESSIVE;
				CLANG_WARN_UNREACHABLE_CODE = YES;
				CLANG_WARN__DUPLICATE_METHOD_MATCH = YES;
				CODE_SIGN_IDENTITY = "iPhone Developer";
				COPY_PHASE_STRIP = NO;
				DEBUG_INFORMATION_FORMAT = dwarf;
				ENABLE_STRICT_OBJC_MSGSEND = YES;
				ENABLE_TESTABILITY = YES;
				GCC_C_LANGUAGE_STANDARD = gnu11;
				GCC_DYNAMIC_NO_PIC = NO;
				GCC_NO_COMMON_BLOCKS = YES;
				GCC_OPTIMIZATION_LEVEL = 0;
				GCC_PREPROCESSOR_DEFINITIONS = (
					"DEBUG=1",
					"$(inherited)",
				);
				GCC_WARN_64_TO_32_BIT_CONVERSION = YES;
				GCC_WARN_ABOUT_RETURN_TYPE = YES_ERROR;
				GCC_WARN_UNDECLARED_SELECTOR = YES;
				GCC_WARN_UNINITIALIZED_AUTOS = YES_AGGRESSIVE;
				GCC_WARN_UNUSED_FUNCTION = YES;
				GCC_WARN_UNUSED_VARIABLE = YES;
				IPHONEOS_DEPLOYMENT_TARGET = 12.1;
				MTL_ENABLE_DEBUG_INFO = INCLUDE_SOURCE;
				MTL_FAST_MATH = YES;
				ONLY_ACTIVE_ARCH = YES;
				SDKROOT = iphoneos;
				SWIFT_ACTIVE_COMPILATION_CONDITIONS = DEBUG;
				SWIFT_OPTIMIZATION_LEVEL = "-Onone";
			};
			name = Debug;
		};
		CEF27E7B2212267800B724B8 /* Release */ = {
			isa = XCBuildConfiguration;
			buildSettings = {
				ALWAYS_SEARCH_USER_PATHS = NO;
				CLANG_ANALYZER_NONNULL = YES;
				CLANG_ANALYZER_NUMBER_OBJECT_CONVERSION = YES_AGGRESSIVE;
				CLANG_CXX_LANGUAGE_STANDARD = "gnu++14";
				CLANG_CXX_LIBRARY = "libc++";
				CLANG_ENABLE_MODULES = YES;
				CLANG_ENABLE_OBJC_ARC = YES;
				CLANG_ENABLE_OBJC_WEAK = YES;
				CLANG_WARN_BLOCK_CAPTURE_AUTORELEASING = YES;
				CLANG_WARN_BOOL_CONVERSION = YES;
				CLANG_WARN_COMMA = YES;
				CLANG_WARN_CONSTANT_CONVERSION = YES;
				CLANG_WARN_DEPRECATED_OBJC_IMPLEMENTATIONS = YES;
				CLANG_WARN_DIRECT_OBJC_ISA_USAGE = YES_ERROR;
				CLANG_WARN_DOCUMENTATION_COMMENTS = YES;
				CLANG_WARN_EMPTY_BODY = YES;
				CLANG_WARN_ENUM_CONVERSION = YES;
				CLANG_WARN_INFINITE_RECURSION = YES;
				CLANG_WARN_INT_CONVERSION = YES;
				CLANG_WARN_NON_LITERAL_NULL_CONVERSION = YES;
				CLANG_WARN_OBJC_IMPLICIT_RETAIN_SELF = YES;
				CLANG_WARN_OBJC_LITERAL_CONVERSION = YES;
				CLANG_WARN_OBJC_ROOT_CLASS = YES_ERROR;
				CLANG_WARN_RANGE_LOOP_ANALYSIS = YES;
				CLANG_WARN_STRICT_PROTOTYPES = YES;
				CLANG_WARN_SUSPICIOUS_MOVE = YES;
				CLANG_WARN_UNGUARDED_AVAILABILITY = YES_AGGRESSIVE;
				CLANG_WARN_UNREACHABLE_CODE = YES;
				CLANG_WARN__DUPLICATE_METHOD_MATCH = YES;
				CODE_SIGN_IDENTITY = "iPhone Developer";
				COPY_PHASE_STRIP = NO;
				DEBUG_INFORMATION_FORMAT = "dwarf-with-dsym";
				ENABLE_NS_ASSERTIONS = NO;
				ENABLE_STRICT_OBJC_MSGSEND = YES;
				GCC_C_LANGUAGE_STANDARD = gnu11;
				GCC_NO_COMMON_BLOCKS = YES;
				GCC_WARN_64_TO_32_BIT_CONVERSION = YES;
				GCC_WARN_ABOUT_RETURN_TYPE = YES_ERROR;
				GCC_WARN_UNDECLARED_SELECTOR = YES;
				GCC_WARN_UNINITIALIZED_AUTOS = YES_AGGRESSIVE;
				GCC_WARN_UNUSED_FUNCTION = YES;
				GCC_WARN_UNUSED_VARIABLE = YES;
				IPHONEOS_DEPLOYMENT_TARGET = 12.1;
				MTL_ENABLE_DEBUG_INFO = NO;
				MTL_FAST_MATH = YES;
				SDKROOT = iphoneos;
				SWIFT_COMPILATION_MODE = wholemodule;
				SWIFT_OPTIMIZATION_LEVEL = "-O";
				VALIDATE_PRODUCT = YES;
			};
			name = Release;
		};
		CEF27E7D2212267800B724B8 /* Debug */ = {
			isa = XCBuildConfiguration;
			buildSettings = {
				ASSETCATALOG_COMPILER_APPICON_NAME = AppIcon;
				CODE_SIGN_STYLE = Automatic;
				DEVELOPMENT_TEAM = WNWHSQ239F;
				INFOPLIST_FILE = VisionApp/Info.plist;
				LD_RUNPATH_SEARCH_PATHS = (
					"$(inherited)",
					"@executable_path/Frameworks",
				);
				PRODUCT_BUNDLE_IDENTIFIER = "com.it-thinkers.VisionApp";
				PRODUCT_NAME = "$(TARGET_NAME)";
				SWIFT_VERSION = 4.2;
				TARGETED_DEVICE_FAMILY = "1,2";
			};
			name = Debug;
		};
		CEF27E7E2212267800B724B8 /* Release */ = {
			isa = XCBuildConfiguration;
			buildSettings = {
				ASSETCATALOG_COMPILER_APPICON_NAME = AppIcon;
				CODE_SIGN_STYLE = Automatic;
				DEVELOPMENT_TEAM = WNWHSQ239F;
				INFOPLIST_FILE = VisionApp/Info.plist;
				LD_RUNPATH_SEARCH_PATHS = (
					"$(inherited)",
					"@executable_path/Frameworks",
				);
				PRODUCT_BUNDLE_IDENTIFIER = "com.it-thinkers.VisionApp";
				PRODUCT_NAME = "$(TARGET_NAME)";
				SWIFT_VERSION = 4.2;
				TARGETED_DEVICE_FAMILY = "1,2";
			};
			name = Release;
		};
/* End XCBuildConfiguration section */

/* Begin XCConfigurationList section */
		CEF27E652212267700B724B8 /* Build configuration list for PBXProject "VisionApp" */ = {
			isa = XCConfigurationList;
			buildConfigurations = (
				CEF27E7A2212267800B724B8 /* Debug */,
				CEF27E7B2212267800B724B8 /* Release */,
			);
			defaultConfigurationIsVisible = 0;
			defaultConfigurationName = Release;
		};
		CEF27E7C2212267800B724B8 /* Build configuration list for PBXNativeTarget "VisionApp" */ = {
			isa = XCConfigurationList;
			buildConfigurations = (
				CEF27E7D2212267800B724B8 /* Debug */,
				CEF27E7E2212267800B724B8 /* Release */,
			);
			defaultConfigurationIsVisible = 0;
			defaultConfigurationName = Release;
		};
/* End XCConfigurationList section */
	};
	rootObject = CEF27E622212267700B724B8 /* Project object */;
}
